
Microsoft Visual Studio Solution File, Format Version 12.00
# Visual Studio 15
VisualStudioVersion = 15.0.26430.14
MinimumVisualStudioVersion = 10.0.40219.1
Project("{FAE04EC0-301F-11D3-BF4B-00C04F79EFBC}") = "WinApp", "RoRAssist\WinApp.csproj", "{30EB586A-A528-46B0-B882-8E7AF13EBC2F}"
EndProject
Project("{FAE04EC0-301F-11D3-BF4B-00C04F79EFBC}") = "UnitTest", "UnitTest\UnitTest.csproj", "{B5D5EE02-FE5A-4B79-AA88-B59D8B094398}"
EndProject
Project("{FAE04EC0-301F-11D3-BF4B-00C04F79EFBC}") = "Core", "Core\Core.csproj", "{9DAEFBC6-D0E6-429E-ABAA-818FC46B2916}"
EndProject
Global
	GlobalSection(SolutionConfigurationPlatforms) = preSolution
		Debug|Any CPU = Debug|Any CPU
		Release|Any CPU = Release|Any CPU
	EndGlobalSection
	GlobalSection(ProjectConfigurationPlatforms) = postSolution
		{30EB586A-A528-46B0-B882-8E7AF13EBC2F}.Debug|Any CPU.ActiveCfg = Debug|Any CPU
		{30EB586A-A528-46B0-B882-8E7AF13EBC2F}.Debug|Any CPU.Build.0 = Debug|Any CPU
		{30EB586A-A528-46B0-B882-8E7AF13EBC2F}.Release|Any CPU.ActiveCfg = Release|Any CPU
		{30EB586A-A528-46B0-B882-8E7AF13EBC2F}.Release|Any CPU.Build.0 = Release|Any CPU
		{B5D5EE02-FE5A-4B79-AA88-B59D8B094398}.Debug|Any CPU.ActiveCfg = Debug|Any CPU
		{B5D5EE02-FE5A-4B79-AA88-B59D8B094398}.Debug|Any CPU.Build.0 = Debug|Any CPU
		{B5D5EE02-FE5A-4B79-AA88-B59D8B094398}.Release|Any CPU.ActiveCfg = Release|Any CPU
		{B5D5EE02-FE5A-4B79-AA88-B59D8B094398}.Release|Any CPU.Build.0 = Release|Any CPU
		{9DAEFBC6-D0E6-429E-ABAA-818FC46B2916}.Debug|Any CPU.ActiveCfg = Debug|Any CPU
		{9DAEFBC6-D0E6-429E-ABAA-818FC46B2916}.Debug|Any CPU.Build.0 = Debug|Any CPU
		{9DAEFBC6-D0E6-429E-ABAA-818FC46B2916}.Release|Any CPU.ActiveCfg = Release|Any CPU
		{9DAEFBC6-D0E6-429E-ABAA-818FC46B2916}.Release|Any CPU.Build.0 = Release|Any CPU
	EndGlobalSection
	GlobalSection(SolutionProperties) = preSolution
		HideSolutionNode = FALSE
	EndGlobalSection
EndGlobal
